// !$*UTF8*$!
{
	archiveVersion = 1;
	classes = {
	};
	objectVersion = 48;
	objects = {

/* Begin PBXBuildFile section */
		3F3C51181FBC2E5B00951FA2 /* CoffeShopTableViewCell.swift in Sources */ = {isa = PBXBuildFile; fileRef = 3F3C51171FBC2E5B00951FA2 /* CoffeShopTableViewCell.swift */; };
		3F3C511A1FBC391B00951FA2 /* CoffeeShopTableViewController.swift in Sources */ = {isa = PBXBuildFile; fileRef = 3F3C51191FBC391B00951FA2 /* CoffeeShopTableViewController.swift */; };
		3F65D7E41FB43D5100ED0B57 /* AppDelegate.swift in Sources */ = {isa = PBXBuildFile; fileRef = 3F65D7E31FB43D5100ED0B57 /* AppDelegate.swift */; };
		3F65D7E61FB43D5100ED0B57 /* CoffeeShopViewController.swift in Sources */ = {isa = PBXBuildFile; fileRef = 3F65D7E51FB43D5100ED0B57 /* CoffeeShopViewController.swift */; };
		3F65D7E91FB43D5100ED0B57 /* Main.storyboard in Resources */ = {isa = PBXBuildFile; fileRef = 3F65D7E71FB43D5100ED0B57 /* Main.storyboard */; };
		3F65D7EC1FB43D5100ED0B57 /* Coffee_ompas.xcdatamodeld in Sources */ = {isa = PBXBuildFile; fileRef = 3F65D7EA1FB43D5100ED0B57 /* Coffee_ompas.xcdatamodeld */; };
		3F65D7EE1FB43D5100ED0B57 /* Assets.xcassets in Resources */ = {isa = PBXBuildFile; fileRef = 3F65D7ED1FB43D5100ED0B57 /* Assets.xcassets */; };
		3F65D7F11FB43D5100ED0B57 /* LaunchScreen.storyboard in Resources */ = {isa = PBXBuildFile; fileRef = 3F65D7EF1FB43D5100ED0B57 /* LaunchScreen.storyboard */; };
		3F65D7F91FB44C0000ED0B57 /* Description in Resources */ = {isa = PBXBuildFile; fileRef = 3F65D7F81FB44C0000ED0B57 /* Description */; };
		3F65D7FB1FB467C700ED0B57 /* CosmosDistrib.swift in Sources */ = {isa = PBXBuildFile; fileRef = 3F65D7FA1FB467C700ED0B57 /* CosmosDistrib.swift */; };
		3F65D7FD1FB469E600ED0B57 /* CoffeeShop.swift in Sources */ = {isa = PBXBuildFile; fileRef = 3F65D7FC1FB469E600ED0B57 /* CoffeeShop.swift */; };
/* End PBXBuildFile section */

/* Begin PBXFileReference section */
		3F3C51171FBC2E5B00951FA2 /* CoffeShopTableViewCell.swift */ = {isa = PBXFileReference; lastKnownFileType = sourcecode.swift; path = CoffeShopTableViewCell.swift; sourceTree = "<group>"; };
		3F3C51191FBC391B00951FA2 /* CoffeeShopTableViewController.swift */ = {isa = PBXFileReference; lastKnownFileType = sourcecode.swift; path = CoffeeShopTableViewController.swift; sourceTree = "<group>"; };
		3F65D7E01FB43D5100ED0B57 /* CoffeeСompas.app */ = {isa = PBXFileReference; explicitFileType = wrapper.application; includeInIndex = 0; path = "CoffeeСompas.app"; sourceTree = BUILT_PRODUCTS_DIR; };
		3F65D7E31FB43D5100ED0B57 /* AppDelegate.swift */ = {isa = PBXFileReference; lastKnownFileType = sourcecode.swift; path = AppDelegate.swift; sourceTree = "<group>"; };
		3F65D7E51FB43D5100ED0B57 /* CoffeeShopViewController.swift */ = {isa = PBXFileReference; lastKnownFileType = sourcecode.swift; path = CoffeeShopViewController.swift; sourceTree = "<group>"; };
		3F65D7E81FB43D5100ED0B57 /* Base */ = {isa = PBXFileReference; lastKnownFileType = file.storyboard; name = Base; path = Base.lproj/Main.storyboard; sourceTree = "<group>"; };
		3F65D7EB1FB43D5100ED0B57 /* Coffee_ompas.xcdatamodel */ = {isa = PBXFileReference; lastKnownFileType = wrapper.xcdatamodel; path = Coffee_ompas.xcdatamodel; sourceTree = "<group>"; };
		3F65D7ED1FB43D5100ED0B57 /* Assets.xcassets */ = {isa = PBXFileReference; lastKnownFileType = folder.assetcatalog; path = Assets.xcassets; sourceTree = "<group>"; };
		3F65D7F01FB43D5100ED0B57 /* Base */ = {isa = PBXFileReference; lastKnownFileType = file.storyboard; name = Base; path = Base.lproj/LaunchScreen.storyboard; sourceTree = "<group>"; };
		3F65D7F21FB43D5100ED0B57 /* Info.plist */ = {isa = PBXFileReference; lastKnownFileType = text.plist.xml; path = Info.plist; sourceTree = "<group>"; };
		3F65D7F81FB44C0000ED0B57 /* Description */ = {isa = PBXFileReference; lastKnownFileType = text; path = Description; sourceTree = "<group>"; };
		3F65D7FA1FB467C700ED0B57 /* CosmosDistrib.swift */ = {isa = PBXFileReference; lastKnownFileType = sourcecode.swift; path = CosmosDistrib.swift; sourceTree = "<group>"; };
		3F65D7FC1FB469E600ED0B57 /* CoffeeShop.swift */ = {isa = PBXFileReference; lastKnownFileType = sourcecode.swift; path = CoffeeShop.swift; sourceTree = "<group>"; };
/* End PBXFileReference section */

/* Begin PBXFrameworksBuildPhase section */
		3F65D7DD1FB43D5100ED0B57 /* Frameworks */ = {
			isa = PBXFrameworksBuildPhase;
			buildActionMask = 2147483647;
			files = (
			);
			runOnlyForDeploymentPostprocessing = 0;
		};
/* End PBXFrameworksBuildPhase section */

/* Begin PBXGroup section */
		3F65D7D71FB43D5100ED0B57 = {
			isa = PBXGroup;
			children = (
				3F65D7E21FB43D5100ED0B57 /* CoffeeСompas */,
				3F65D7E11FB43D5100ED0B57 /* Products */,
			);
			sourceTree = "<group>";
		};
		3F65D7E11FB43D5100ED0B57 /* Products */ = {
			isa = PBXGroup;
			children = (
				3F65D7E01FB43D5100ED0B57 /* CoffeeСompas.app */,
			);
			name = Products;
			sourceTree = "<group>";
		};
		3F65D7E21FB43D5100ED0B57 /* CoffeeСompas */ = {
			isa = PBXGroup;
			children = (
				3F65D7E31FB43D5100ED0B57 /* AppDelegate.swift */,
				3F65D7E51FB43D5100ED0B57 /* CoffeeShopViewController.swift */,
				3F3C51191FBC391B00951FA2 /* CoffeeShopTableViewController.swift */,
				3F65D7E71FB43D5100ED0B57 /* Main.storyboard */,
				3F3C51171FBC2E5B00951FA2 /* CoffeShopTableViewCell.swift */,
				3F65D7ED1FB43D5100ED0B57 /* Assets.xcassets */,
				3F65D7EF1FB43D5100ED0B57 /* LaunchScreen.storyboard */,
				3F65D7F21FB43D5100ED0B57 /* Info.plist */,
				3F65D7EA1FB43D5100ED0B57 /* Coffee_ompas.xcdatamodeld */,
				3F65D7F81FB44C0000ED0B57 /* Description */,
				3F65D7FA1FB467C700ED0B57 /* CosmosDistrib.swift */,
				3F65D7FC1FB469E600ED0B57 /* CoffeeShop.swift */,
			);
			path = "CoffeeСompas";
			sourceTree = "<group>";
		};
/* End PBXGroup section */

/* Begin PBXNativeTarget section */
		3F65D7DF1FB43D5100ED0B57 /* CoffeeСompas */ = {
			isa = PBXNativeTarget;
			buildConfigurationList = 3F65D7F51FB43D5100ED0B57 /* Build configuration list for PBXNativeTarget "CoffeeСompas" */;
			buildPhases = (
				3F65D7DC1FB43D5100ED0B57 /* Sources */,
				3F65D7DD1FB43D5100ED0B57 /* Frameworks */,
				3F65D7DE1FB43D5100ED0B57 /* Resources */,
			);
			buildRules = (
			);
			dependencies = (
			);
			name = "CoffeeСompas";
			productName = "CoffeeСompas";
			productReference = 3F65D7E01FB43D5100ED0B57 /* CoffeeСompas.app */;
			productType = "com.apple.product-type.application";
		};
/* End PBXNativeTarget section */

/* Begin PBXProject section */
		3F65D7D81FB43D5100ED0B57 /* Project object */ = {
			isa = PBXProject;
			attributes = {
				LastSwiftUpdateCheck = 0900;
				LastUpgradeCheck = 0900;
				ORGANIZATIONNAME = com.sfedu.sinigr;
				TargetAttributes = {
					3F65D7DF1FB43D5100ED0B57 = {
						CreatedOnToolsVersion = 9.0;
						ProvisioningStyle = Automatic;
					};
				};
			};
			buildConfigurationList = 3F65D7DB1FB43D5100ED0B57 /* Build configuration list for PBXProject "CoffeeСompas" */;
			compatibilityVersion = "Xcode 8.0";
			developmentRegion = en;
			hasScannedForEncodings = 0;
			knownRegions = (
				en,
				Base,
			);
			mainGroup = 3F65D7D71FB43D5100ED0B57;
			productRefGroup = 3F65D7E11FB43D5100ED0B57 /* Products */;
			projectDirPath = "";
			projectRoot = "";
			targets = (
				3F65D7DF1FB43D5100ED0B57 /* CoffeeСompas */,
			);
		};
/* End PBXProject section */

/* Begin PBXResourcesBuildPhase section */
		3F65D7DE1FB43D5100ED0B57 /* Resources */ = {
			isa = PBXResourcesBuildPhase;
			buildActionMask = 2147483647;
			files = (
				3F65D7F11FB43D5100ED0B57 /* LaunchScreen.storyboard in Resources */,
				3F65D7EE1FB43D5100ED0B57 /* Assets.xcassets in Resources */,
				3F65D7E91FB43D5100ED0B57 /* Main.storyboard in Resources */,
				3F65D7F91FB44C0000ED0B57 /* Description in Resources */,
			);
			runOnlyForDeploymentPostprocessing = 0;
		};
/* End PBXResourcesBuildPhase section */

/* Begin PBXSourcesBuildPhase section */
		3F65D7DC1FB43D5100ED0B57 /* Sources */ = {
			isa = PBXSourcesBuildPhase;
			buildActionMask = 2147483647;
			files = (
				3F65D7EC1FB43D5100ED0B57 /* Coffee_ompas.xcdatamodeld in Sources */,
				3F3C51181FBC2E5B00951FA2 /* CoffeShopTableViewCell.swift in Sources */,
				3F65D7E61FB43D5100ED0B57 /* CoffeeShopViewController.swift in Sources */,
				3F65D7E41FB43D5100ED0B57 /* AppDelegate.swift in Sources */,
				3F3C511A1FBC391B00951FA2 /* CoffeeShopTableViewController.swift in Sources */,
				3F65D7FB1FB467C700ED0B57 /* CosmosDistrib.swift in Sources */,
				3F65D7FD1FB469E600ED0B57 /* CoffeeShop.swift in Sources */,
			);
			runOnlyForDeploymentPostprocessing = 0;
		};
/* End PBXSourcesBuildPhase section */

/* Begin PBXVariantGroup section */
		3F65D7E71FB43D5100ED0B57 /* Main.storyboard */ = {
			isa = PBXVariantGroup;
			children = (
				3F65D7E81FB43D5100ED0B57 /* Base */,
			);
			name = Main.storyboard;
			sourceTree = "<group>";
		};
		3F65D7EF1FB43D5100ED0B57 /* LaunchScreen.storyboard */ = {
			isa = PBXVariantGroup;
			children = (
				3F65D7F01FB43D5100ED0B57 /* Base */,
			);
			name = LaunchScreen.storyboard;
			sourceTree = "<group>";
		};
/* End PBXVariantGroup section */

/* Begin XCBuildConfiguration section */
		3F65D7F31FB43D5100ED0B57 /* Debug */ = {
			isa = XCBuildConfiguration;
			buildSettings = {
				ALWAYS_SEARCH_USER_PATHS = NO;
				CLANG_ANALYZER_NONNULL = YES;
				CLANG_ANALYZER_NUMBER_OBJECT_CONVERSION = YES_AGGRESSIVE;
				CLANG_CXX_LANGUAGE_STANDARD = "gnu++14";
				CLANG_CXX_LIBRARY = "libc++";
				CLANG_ENABLE_MODULES = YES;
				CLANG_ENABLE_OBJC_ARC = YES;
				CLANG_WARN_BLOCK_CAPTURE_AUTORELEASING = YES;
				CLANG_WARN_BOOL_CONVERSION = YES;
				CLANG_WARN_COMMA = YES;
				CLANG_WARN_CONSTANT_CONVERSION = YES;
				CLANG_WARN_DIRECT_OBJC_ISA_USAGE = YES_ERROR;
				CLANG_WARN_DOCUMENTATION_COMMENTS = YES;
				CLANG_WARN_EMPTY_BODY = YES;
				CLANG_WARN_ENUM_CONVERSION = YES;
				CLANG_WARN_INFINITE_RECURSION = YES;
				CLANG_WARN_INT_CONVERSION = YES;
				CLANG_WARN_NON_LITERAL_NULL_CONVERSION = YES;
				CLANG_WARN_OBJC_LITERAL_CONVERSION = YES;
				CLANG_WARN_OBJC_ROOT_CLASS = YES_ERROR;
				CLANG_WARN_RANGE_LOOP_ANALYSIS = YES;
				CLANG_WARN_STRICT_PROTOTYPES = YES;
				CLANG_WARN_SUSPICIOUS_MOVE = YES;
				CLANG_WARN_UNGUARDED_AVAILABILITY = YES_AGGRESSIVE;
				CLANG_WARN_UNREACHABLE_CODE = YES;
				CLANG_WARN__DUPLICATE_METHOD_MATCH = YES;
				CODE_SIGN_IDENTITY = "iPhone Developer";
				COPY_PHASE_STRIP = NO;
				DEBUG_INFORMATION_FORMAT = dwarf;
				ENABLE_STRICT_OBJC_MSGSEND = YES;
				ENABLE_TESTABILITY = YES;
				GCC_C_LANGUAGE_STANDARD = gnu11;
				GCC_DYNAMIC_NO_PIC = NO;
				GCC_NO_COMMON_BLOCKS = YES;
				GCC_OPTIMIZATION_LEVEL = 0;
				GCC_PREPROCESSOR_DEFINITIONS = (
					"DEBUG=1",
					"$(inherited)",
				);
				GCC_WARN_64_TO_32_BIT_CONVERSION = YES;
				GCC_WARN_ABOUT_RETURN_TYPE = YES_ERROR;
				GCC_WARN_UNDECLARED_SELECTOR = YES;
				GCC_WARN_UNINITIALIZED_AUTOS = YES_AGGRESSIVE;
				GCC_WARN_UNUSED_FUNCTION = YES;
				GCC_WARN_UNUSED_VARIABLE = YES;
				IPHONEOS_DEPLOYMENT_TARGET = 11.0;
				MTL_ENABLE_DEBUG_INFO = YES;
				ONLY_ACTIVE_ARCH = YES;
				SDKROOT = iphoneos;
				SWIFT_ACTIVE_COMPILATION_CONDITIONS = DEBUG;
				SWIFT_OPTIMIZATION_LEVEL = "-Onone";
			};
			name = Debug;
		};
		3F65D7F41FB43D5100ED0B57 /* Release */ = {
			isa = XCBuildConfiguration;
			buildSettings = {
				ALWAYS_SEARCH_USER_PATHS = NO;
				CLANG_ANALYZER_NONNULL = YES;
				CLANG_ANALYZER_NUMBER_OBJECT_CONVERSION = YES_AGGRESSIVE;
				CLANG_CXX_LANGUAGE_STANDARD = "gnu++14";
				CLANG_CXX_LIBRARY = "libc++";
				CLANG_ENABLE_MODULES = YES;
				CLANG_ENABLE_OBJC_ARC = YES;
				CLANG_WARN_BLOCK_CAPTURE_AUTORELEASING = YES;
				CLANG_WARN_BOOL_CONVERSION = YES;
				CLANG_WARN_COMMA = YES;
				CLANG_WARN_CONSTANT_CONVERSION = YES;
				CLANG_WARN_DIRECT_OBJC_ISA_USAGE = YES_ERROR;
				CLANG_WARN_DOCUMENTATION_COMMENTS = YES;
				CLANG_WARN_EMPTY_BODY = YES;
				CLANG_WARN_ENUM_CONVERSION = YES;
				CLANG_WARN_INFINITE_RECURSION = YES;
				CLANG_WARN_INT_CONVERSION = YES;
				CLANG_WARN_NON_LITERAL_NULL_CONVERSION = YES;
				CLANG_WARN_OBJC_LITERAL_CONVERSION = YES;
				CLANG_WARN_OBJC_ROOT_CLASS = YES_ERROR;
				CLANG_WARN_RANGE_LOOP_ANALYSIS = YES;
				CLANG_WARN_STRICT_PROTOTYPES = YES;
				CLANG_WARN_SUSPICIOUS_MOVE = YES;
				CLANG_WARN_UNGUARDED_AVAILABILITY = YES_AGGRESSIVE;
				CLANG_WARN_UNREACHABLE_CODE = YES;
				CLANG_WARN__DUPLICATE_METHOD_MATCH = YES;
				CODE_SIGN_IDENTITY = "iPhone Developer";
				COPY_PHASE_STRIP = NO;
				DEBUG_INFORMATION_FORMAT = "dwarf-with-dsym";
				ENABLE_NS_ASSERTIONS = NO;
				ENABLE_STRICT_OBJC_MSGSEND = YES;
				GCC_C_LANGUAGE_STANDARD = gnu11;
				GCC_NO_COMMON_BLOCKS = YES;
				GCC_WARN_64_TO_32_BIT_CONVERSION = YES;
				GCC_WARN_ABOUT_RETURN_TYPE = YES_ERROR;
				GCC_WARN_UNDECLARED_SELECTOR = YES;
				GCC_WARN_UNINITIALIZED_AUTOS = YES_AGGRESSIVE;
				GCC_WARN_UNUSED_FUNCTION = YES;
				GCC_WARN_UNUSED_VARIABLE = YES;
				IPHONEOS_DEPLOYMENT_TARGET = 11.0;
				MTL_ENABLE_DEBUG_INFO = NO;
				SDKROOT = iphoneos;
				SWIFT_OPTIMIZATION_LEVEL = "-Owholemodule";
				VALIDATE_PRODUCT = YES;
			};
			name = Release;
		};
		3F65D7F61FB43D5100ED0B57 /* Debug */ = {
			isa = XCBuildConfiguration;
			buildSettings = {
				ASSETCATALOG_COMPILER_APPICON_NAME = AppIcon;
				CODE_SIGN_STYLE = Automatic;
				INFOPLIST_FILE = "CoffeeСompas/Info.plist";
				LD_RUNPATH_SEARCH_PATHS = "$(inherited) @executable_path/Frameworks";
				PRODUCT_BUNDLE_IDENTIFIER = "sinigr.Coffee-ompas";
				PRODUCT_NAME = "$(TARGET_NAME)";
				SWIFT_VERSION = 4.0;
				TARGETED_DEVICE_FAMILY = "1,2";
			};
			name = Debug;
		};
		3F65D7F71FB43D5100ED0B57 /* Release */ = {
			isa = XCBuildConfiguration;
			buildSettings = {
				ASSETCATALOG_COMPILER_APPICON_NAME = AppIcon;
				CODE_SIGN_STYLE = Automatic;
				INFOPLIST_FILE = "CoffeeСompas/Info.plist";
				LD_RUNPATH_SEARCH_PATHS = "$(inherited) @executable_path/Frameworks";
				PRODUCT_BUNDLE_IDENTIFIER = "sinigr.Coffee-ompas";
				PRODUCT_NAME = "$(TARGET_NAME)";
				SWIFT_VERSION = 4.0;
				TARGETED_DEVICE_FAMILY = "1,2";
			};
			name = Release;
		};
/* End XCBuildConfiguration section */

/* Begin XCConfigurationList section */
		3F65D7DB1FB43D5100ED0B57 /* Build configuration list for PBXProject "CoffeeСompas" */ = {
			isa = XCConfigurationList;
			buildConfigurations = (
				3F65D7F31FB43D5100ED0B57 /* Debug */,
				3F65D7F41FB43D5100ED0B57 /* Release */,
			);
			defaultConfigurationIsVisible = 0;
			defaultConfigurationName = Release;
		};
		3F65D7F51FB43D5100ED0B57 /* Build configuration list for PBXNativeTarget "CoffeeСompas" */ = {
			isa = XCConfigurationList;
			buildConfigurations = (
				3F65D7F61FB43D5100ED0B57 /* Debug */,
				3F65D7F71FB43D5100ED0B57 /* Release */,
			);
			defaultConfigurationIsVisible = 0;
			defaultConfigurationName = Release;
		};
/* End XCConfigurationList section */

/* Begin XCVersionGroup section */
		3F65D7EA1FB43D5100ED0B57 /* Coffee_ompas.xcdatamodeld */ = {
			isa = XCVersionGroup;
			children = (
				3F65D7EB1FB43D5100ED0B57 /* Coffee_ompas.xcdatamodel */,
			);
			currentVersion = 3F65D7EB1FB43D5100ED0B57 /* Coffee_ompas.xcdatamodel */;
			path = Coffee_ompas.xcdatamodeld;
			sourceTree = "<group>";
			versionGroupType = wrapper.xcdatamodel;
		};
/* End XCVersionGroup section */
	};
	rootObject = 3F65D7D81FB43D5100ED0B57 /* Project object */;
}
